// !$*UTF8*$!
{
	archiveVersion = 1;
	classes = {
	};
	objectVersion = 55;
	objects = {

/* Begin PBXBuildFile section */
		EE1C50FA27D3DCC4005B431A /* HomeTask1_TabBarAppApp.swift in Sources */ = {isa = PBXBuildFile; fileRef = EE1C50F927D3DCC4005B431A /* HomeTask1_TabBarAppApp.swift */; };
		EE1C50FC27D3DCC4005B431A /* ContentView.swift in Sources */ = {isa = PBXBuildFile; fileRef = EE1C50FB27D3DCC4005B431A /* ContentView.swift */; };
		EE1C50FE27D3DCD3005B431A /* Assets.xcassets in Resources */ = {isa = PBXBuildFile; fileRef = EE1C50FD27D3DCD3005B431A /* Assets.xcassets */; };
		EE1C510127D3DCD3005B431A /* Preview Assets.xcassets in Resources */ = {isa = PBXBuildFile; fileRef = EE1C510027D3DCD3005B431A /* Preview Assets.xcassets */; };
		EE1C511727D89A9C005B431A /* PetsNetwork in Frameworks */ = {isa = PBXBuildFile; productRef = EE1C511627D89A9C005B431A /* PetsNetwork */; };
		EE1CBA4B27DF1D6200BBF28B /* PetsViewModel.swift in Sources */ = {isa = PBXBuildFile; fileRef = EE1CBA4A27DF1D6200BBF28B /* PetsViewModel.swift */; };
		EE9A216D27DE13AE00F673C4 /* PetsView.swift in Sources */ = {isa = PBXBuildFile; fileRef = EE9A216C27DE13AE00F673C4 /* PetsView.swift */; };
		EE9A216F27DE13C600F673C4 /* MainView.swift in Sources */ = {isa = PBXBuildFile; fileRef = EE9A216E27DE13C600F673C4 /* MainView.swift */; };
		EE9A217227DE1D4600F673C4 /* Pets+Extension.swift in Sources */ = {isa = PBXBuildFile; fileRef = EE9A217127DE1D4600F673C4 /* Pets+Extension.swift */; };
		EE9A217427DE2C4A00F673C4 /* PetDetail.swift in Sources */ = {isa = PBXBuildFile; fileRef = EE9A217327DE2C4A00F673C4 /* PetDetail.swift */; };
		EE9A217627DE2C7E00F673C4 /* PetViewModel.swift in Sources */ = {isa = PBXBuildFile; fileRef = EE9A217527DE2C7E00F673C4 /* PetViewModel.swift */; };
		EE9A217827DE44DD00F673C4 /* ThirdView.swift in Sources */ = {isa = PBXBuildFile; fileRef = EE9A217727DE44DD00F673C4 /* ThirdView.swift */; };
/* End PBXBuildFile section */

/* Begin PBXFileReference section */
		EE1C50F627D3DCC4005B431A /* HomeTask1_TabBarApp.app */ = {isa = PBXFileReference; explicitFileType = wrapper.application; includeInIndex = 0; path = HomeTask1_TabBarApp.app; sourceTree = BUILT_PRODUCTS_DIR; };
		EE1C50F927D3DCC4005B431A /* HomeTask1_TabBarAppApp.swift */ = {isa = PBXFileReference; lastKnownFileType = sourcecode.swift; path = HomeTask1_TabBarAppApp.swift; sourceTree = "<group>"; };
		EE1C50FB27D3DCC4005B431A /* ContentView.swift */ = {isa = PBXFileReference; lastKnownFileType = sourcecode.swift; path = ContentView.swift; sourceTree = "<group>"; };
		EE1C50FD27D3DCD3005B431A /* Assets.xcassets */ = {isa = PBXFileReference; lastKnownFileType = folder.assetcatalog; path = Assets.xcassets; sourceTree = "<group>"; };
		EE1C510027D3DCD3005B431A /* Preview Assets.xcassets */ = {isa = PBXFileReference; lastKnownFileType = folder.assetcatalog; path = "Preview Assets.xcassets"; sourceTree = "<group>"; };
		EE1C511027D893E9005B431A /* pets.yaml */ = {isa = PBXFileReference; lastKnownFileType = text.yaml; path = pets.yaml; sourceTree = "<group>"; };
		EE1C511227D8947E005B431A /* generator.sh */ = {isa = PBXFileReference; lastKnownFileType = text.script.sh; path = generator.sh; sourceTree = "<group>"; };
		EE1C511427D8953A005B431A /* PetsNetwork */ = {isa = PBXFileReference; lastKnownFileType = wrapper; name = PetsNetwork; path = Modules/PetsNetwork; sourceTree = "<group>"; };
		EE1CBA4A27DF1D6200BBF28B /* PetsViewModel.swift */ = {isa = PBXFileReference; lastKnownFileType = sourcecode.swift; path = PetsViewModel.swift; sourceTree = "<group>"; };
		EE9A216C27DE13AE00F673C4 /* PetsView.swift */ = {isa = PBXFileReference; lastKnownFileType = sourcecode.swift; path = PetsView.swift; sourceTree = "<group>"; };
		EE9A216E27DE13C600F673C4 /* MainView.swift */ = {isa = PBXFileReference; lastKnownFileType = sourcecode.swift; path = MainView.swift; sourceTree = "<group>"; };
		EE9A217127DE1D4600F673C4 /* Pets+Extension.swift */ = {isa = PBXFileReference; lastKnownFileType = sourcecode.swift; path = "Pets+Extension.swift"; sourceTree = "<group>"; };
		EE9A217327DE2C4A00F673C4 /* PetDetail.swift */ = {isa = PBXFileReference; lastKnownFileType = sourcecode.swift; path = PetDetail.swift; sourceTree = "<group>"; };
		EE9A217527DE2C7E00F673C4 /* PetViewModel.swift */ = {isa = PBXFileReference; lastKnownFileType = sourcecode.swift; path = PetViewModel.swift; sourceTree = "<group>"; };
		EE9A217727DE44DD00F673C4 /* ThirdView.swift */ = {isa = PBXFileReference; lastKnownFileType = sourcecode.swift; path = ThirdView.swift; sourceTree = "<group>"; };
/* End PBXFileReference section */

/* Begin PBXFrameworksBuildPhase section */
		EE1C50F327D3DCC4005B431A /* Frameworks */ = {
			isa = PBXFrameworksBuildPhase;
			buildActionMask = 2147483647;
			files = (
				EE1C511727D89A9C005B431A /* PetsNetwork in Frameworks */,
			);
			runOnlyForDeploymentPostprocessing = 0;
		};
/* End PBXFrameworksBuildPhase section */

/* Begin PBXGroup section */
		EE1C50ED27D3DCC4005B431A = {
			isa = PBXGroup;
			children = (
				EE1C511427D8953A005B431A /* PetsNetwork */,
				EE1C511027D893E9005B431A /* pets.yaml */,
				EE1C511227D8947E005B431A /* generator.sh */,
				EE1C50F827D3DCC4005B431A /* HomeTask1_TabBarApp */,
				EE1C50F727D3DCC4005B431A /* Products */,
				EE1C511527D89A9C005B431A /* Frameworks */,
			);
			sourceTree = "<group>";
		};
		EE1C50F727D3DCC4005B431A /* Products */ = {
			isa = PBXGroup;
			children = (
				EE1C50F627D3DCC4005B431A /* HomeTask1_TabBarApp.app */,
			);
			name = Products;
			sourceTree = "<group>";
		};
		EE1C50F827D3DCC4005B431A /* HomeTask1_TabBarApp */ = {
			isa = PBXGroup;
			children = (
				EE9A217027DE1D1900F673C4 /* Extensions */,
				EE1C510927D7BC07005B431A /* ViewModel */,
				EE1C510827D7BBFE005B431A /* View */,
				EE1C50F927D3DCC4005B431A /* HomeTask1_TabBarAppApp.swift */,
				EE1C50FB27D3DCC4005B431A /* ContentView.swift */,
				EE1C50FD27D3DCD3005B431A /* Assets.xcassets */,
				EE1C50FF27D3DCD3005B431A /* Preview Content */,
			);
			path = HomeTask1_TabBarApp;
			sourceTree = "<group>";
		};
		EE1C50FF27D3DCD3005B431A /* Preview Content */ = {
			isa = PBXGroup;
			children = (
				EE1C510027D3DCD3005B431A /* Preview Assets.xcassets */,
			);
			path = "Preview Content";
			sourceTree = "<group>";
		};
		EE1C510827D7BBFE005B431A /* View */ = {
			isa = PBXGroup;
			children = (
				EE9A216C27DE13AE00F673C4 /* PetsView.swift */,
				EE9A216E27DE13C600F673C4 /* MainView.swift */,
				EE9A217327DE2C4A00F673C4 /* PetDetail.swift */,
				EE9A217727DE44DD00F673C4 /* ThirdView.swift */,
			);
			path = View;
			sourceTree = "<group>";
		};
		EE1C510927D7BC07005B431A /* ViewModel */ = {
			isa = PBXGroup;
			children = (
				EE9A217527DE2C7E00F673C4 /* PetViewModel.swift */,
				EE1CBA4A27DF1D6200BBF28B /* PetsViewModel.swift */,
			);
			path = ViewModel;
			sourceTree = "<group>";
		};
		EE1C511527D89A9C005B431A /* Frameworks */ = {
			isa = PBXGroup;
			children = (
			);
			name = Frameworks;
			sourceTree = "<group>";
		};
		EE9A217027DE1D1900F673C4 /* Extensions */ = {
			isa = PBXGroup;
			children = (
				EE9A217127DE1D4600F673C4 /* Pets+Extension.swift */,
			);
			path = Extensions;
			sourceTree = "<group>";
		};
/* End PBXGroup section */

/* Begin PBXNativeTarget section */
		EE1C50F527D3DCC4005B431A /* HomeTask1_TabBarApp */ = {
			isa = PBXNativeTarget;
			buildConfigurationList = EE1C510427D3DCD3005B431A /* Build configuration list for PBXNativeTarget "HomeTask1_TabBarApp" */;
			buildPhases = (
				EE1C50F227D3DCC4005B431A /* Sources */,
				EE1C50F327D3DCC4005B431A /* Frameworks */,
				EE1C50F427D3DCC4005B431A /* Resources */,
			);
			buildRules = (
			);
			dependencies = (
			);
			name = HomeTask1_TabBarApp;
			packageProductDependencies = (
				EE1C511627D89A9C005B431A /* PetsNetwork */,
			);
			productName = HomeTask1_TabBarApp;
			productReference = EE1C50F627D3DCC4005B431A /* HomeTask1_TabBarApp.app */;
			productType = "com.apple.product-type.application";
		};
/* End PBXNativeTarget section */

/* Begin PBXProject section */
		EE1C50EE27D3DCC4005B431A /* Project object */ = {
			isa = PBXProject;
			attributes = {
				BuildIndependentTargetsInParallel = 1;
				LastSwiftUpdateCheck = 1320;
				LastUpgradeCheck = 1320;
				TargetAttributes = {
					EE1C50F527D3DCC4005B431A = {
						CreatedOnToolsVersion = 13.2.1;
					};
				};
			};
			buildConfigurationList = EE1C50F127D3DCC4005B431A /* Build configuration list for PBXProject "HomeTask1_TabBarApp" */;
			compatibilityVersion = "Xcode 13.0";
			developmentRegion = en;
			hasScannedForEncodings = 0;
			knownRegions = (
				en,
				Base,
			);
			mainGroup = EE1C50ED27D3DCC4005B431A;
			productRefGroup = EE1C50F727D3DCC4005B431A /* Products */;
			projectDirPath = "";
			projectRoot = "";
			targets = (
				EE1C50F527D3DCC4005B431A /* HomeTask1_TabBarApp */,
			);
		};
/* End PBXProject section */

/* Begin PBXResourcesBuildPhase section */
		EE1C50F427D3DCC4005B431A /* Resources */ = {
			isa = PBXResourcesBuildPhase;
			buildActionMask = 2147483647;
			files = (
				EE1C510127D3DCD3005B431A /* Preview Assets.xcassets in Resources */,
				EE1C50FE27D3DCD3005B431A /* Assets.xcassets in Resources */,
			);
			runOnlyForDeploymentPostprocessing = 0;
		};
/* End PBXResourcesBuildPhase section */

/* Begin PBXSourcesBuildPhase section */
		EE1C50F227D3DCC4005B431A /* Sources */ = {
			isa = PBXSourcesBuildPhase;
			buildActionMask = 2147483647;
			files = (
				EE9A217827DE44DD00F673C4 /* ThirdView.swift in Sources */,
				EE9A216D27DE13AE00F673C4 /* PetsView.swift in Sources */,
				EE9A217627DE2C7E00F673C4 /* PetViewModel.swift in Sources */,
				EE1C50FC27D3DCC4005B431A /* ContentView.swift in Sources */,
				EE9A216F27DE13C600F673C4 /* MainView.swift in Sources */,
				EE9A217427DE2C4A00F673C4 /* PetDetail.swift in Sources */,
				EE1CBA4B27DF1D6200BBF28B /* PetsViewModel.swift in Sources */,
				EE1C50FA27D3DCC4005B431A /* HomeTask1_TabBarAppApp.swift in Sources */,
				EE9A217227DE1D4600F673C4 /* Pets+Extension.swift in Sources */,
			);
			runOnlyForDeploymentPostprocessing = 0;
		};
/* End PBXSourcesBuildPhase section */

/* Begin XCBuildConfiguration section */
		EE1C510227D3DCD3005B431A /* Debug */ = {
			isa = XCBuildConfiguration;
			buildSettings = {
				ALWAYS_SEARCH_USER_PATHS = NO;
				CLANG_ANALYZER_NONNULL = YES;
				CLANG_ANALYZER_NUMBER_OBJECT_CONVERSION = YES_AGGRESSIVE;
				CLANG_CXX_LANGUAGE_STANDARD = "gnu++17";
				CLANG_CXX_LIBRARY = "libc++";
				CLANG_ENABLE_MODULES = YES;
				CLANG_ENABLE_OBJC_ARC = YES;
				CLANG_ENABLE_OBJC_WEAK = YES;
				CLANG_WARN_BLOCK_CAPTURE_AUTORELEASING = YES;
				CLANG_WARN_BOOL_CONVERSION = YES;
				CLANG_WARN_COMMA = YES;
				CLANG_WARN_CONSTANT_CONVERSION = YES;
				CLANG_WARN_DEPRECATED_OBJC_IMPLEMENTATIONS = YES;
				CLANG_WARN_DIRECT_OBJC_ISA_USAGE = YES_ERROR;
				CLANG_WARN_DOCUMENTATION_COMMENTS = YES;
				CLANG_WARN_EMPTY_BODY = YES;
				CLANG_WARN_ENUM_CONVERSION = YES;
				CLANG_WARN_INFINITE_RECURSION = YES;
				CLANG_WARN_INT_CONVERSION = YES;
				CLANG_WARN_NON_LITERAL_NULL_CONVERSION = YES;
				CLANG_WARN_OBJC_IMPLICIT_RETAIN_SELF = YES;
				CLANG_WARN_OBJC_LITERAL_CONVERSION = YES;
				CLANG_WARN_OBJC_ROOT_CLASS = YES_ERROR;
				CLANG_WARN_QUOTED_INCLUDE_IN_FRAMEWORK_HEADER = YES;
				CLANG_WARN_RANGE_LOOP_ANALYSIS = YES;
				CLANG_WARN_STRICT_PROTOTYPES = YES;
				CLANG_WARN_SUSPICIOUS_MOVE = YES;
				CLANG_WARN_UNGUARDED_AVAILABILITY = YES_AGGRESSIVE;
				CLANG_WARN_UNREACHABLE_CODE = YES;
				CLANG_WARN__DUPLICATE_METHOD_MATCH = YES;
				COPY_PHASE_STRIP = NO;
				DEBUG_INFORMATION_FORMAT = dwarf;
				ENABLE_STRICT_OBJC_MSGSEND = YES;
				ENABLE_TESTABILITY = YES;
				GCC_C_LANGUAGE_STANDARD = gnu11;
				GCC_DYNAMIC_NO_PIC = NO;
				GCC_NO_COMMON_BLOCKS = YES;
				GCC_OPTIMIZATION_LEVEL = 0;
				GCC_PREPROCESSOR_DEFINITIONS = (
					"DEBUG=1",
					"$(inherited)",
				);
				GCC_WARN_64_TO_32_BIT_CONVERSION = YES;
				GCC_WARN_ABOUT_RETURN_TYPE = YES_ERROR;
				GCC_WARN_UNDECLARED_SELECTOR = YES;
				GCC_WARN_UNINITIALIZED_AUTOS = YES_AGGRESSIVE;
				GCC_WARN_UNUSED_FUNCTION = YES;
				GCC_WARN_UNUSED_VARIABLE = YES;
				IPHONEOS_DEPLOYMENT_TARGET = 15.2;
				MTL_ENABLE_DEBUG_INFO = INCLUDE_SOURCE;
				MTL_FAST_MATH = YES;
				ONLY_ACTIVE_ARCH = YES;
				SDKROOT = iphoneos;
				SWIFT_ACTIVE_COMPILATION_CONDITIONS = DEBUG;
				SWIFT_OPTIMIZATION_LEVEL = "-Onone";
			};
			name = Debug;
		};
		EE1C510327D3DCD3005B431A /* Release */ = {
			isa = XCBuildConfiguration;
			buildSettings = {
				ALWAYS_SEARCH_USER_PATHS = NO;
				CLANG_ANALYZER_NONNULL = YES;
				CLANG_ANALYZER_NUMBER_OBJECT_CONVERSION = YES_AGGRESSIVE;
				CLANG_CXX_LANGUAGE_STANDARD = "gnu++17";
				CLANG_CXX_LIBRARY = "libc++";
				CLANG_ENABLE_MODULES = YES;
				CLANG_ENABLE_OBJC_ARC = YES;
				CLANG_ENABLE_OBJC_WEAK = YES;
				CLANG_WARN_BLOCK_CAPTURE_AUTORELEASING = YES;
				CLANG_WARN_BOOL_CONVERSION = YES;
				CLANG_WARN_COMMA = YES;
				CLANG_WARN_CONSTANT_CONVERSION = YES;
				CLANG_WARN_DEPRECATED_OBJC_IMPLEMENTATIONS = YES;
				CLANG_WARN_DIRECT_OBJC_ISA_USAGE = YES_ERROR;
				CLANG_WARN_DOCUMENTATION_COMMENTS = YES;
				CLANG_WARN_EMPTY_BODY = YES;
				CLANG_WARN_ENUM_CONVERSION = YES;
				CLANG_WARN_INFINITE_RECURSION = YES;
				CLANG_WARN_INT_CONVERSION = YES;
				CLANG_WARN_NON_LITERAL_NULL_CONVERSION = YES;
				CLANG_WARN_OBJC_IMPLICIT_RETAIN_SELF = YES;
				CLANG_WARN_OBJC_LITERAL_CONVERSION = YES;
				CLANG_WARN_OBJC_ROOT_CLASS = YES_ERROR;
				CLANG_WARN_QUOTED_INCLUDE_IN_FRAMEWORK_HEADER = YES;
				CLANG_WARN_RANGE_LOOP_ANALYSIS = YES;
				CLANG_WARN_STRICT_PROTOTYPES = YES;
				CLANG_WARN_SUSPICIOUS_MOVE = YES;
				CLANG_WARN_UNGUARDED_AVAILABILITY = YES_AGGRESSIVE;
				CLANG_WARN_UNREACHABLE_CODE = YES;
				CLANG_WARN__DUPLICATE_METHOD_MATCH = YES;
				COPY_PHASE_STRIP = NO;
				DEBUG_INFORMATION_FORMAT = "dwarf-with-dsym";
				ENABLE_NS_ASSERTIONS = NO;
				ENABLE_STRICT_OBJC_MSGSEND = YES;
				GCC_C_LANGUAGE_STANDARD = gnu11;
				GCC_NO_COMMON_BLOCKS = YES;
				GCC_WARN_64_TO_32_BIT_CONVERSION = YES;
				GCC_WARN_ABOUT_RETURN_TYPE = YES_ERROR;
				GCC_WARN_UNDECLARED_SELECTOR = YES;
				GCC_WARN_UNINITIALIZED_AUTOS = YES_AGGRESSIVE;
				GCC_WARN_UNUSED_FUNCTION = YES;
				GCC_WARN_UNUSED_VARIABLE = YES;
				IPHONEOS_DEPLOYMENT_TARGET = 15.2;
				MTL_ENABLE_DEBUG_INFO = NO;
				MTL_FAST_MATH = YES;
				SDKROOT = iphoneos;
				SWIFT_COMPILATION_MODE = wholemodule;
				SWIFT_OPTIMIZATION_LEVEL = "-O";
				VALIDATE_PRODUCT = YES;
			};
			name = Release;
		};
		EE1C510527D3DCD3005B431A /* Debug */ = {
			isa = XCBuildConfiguration;
			buildSettings = {
				ASSETCATALOG_COMPILER_APPICON_NAME = AppIcon;
				ASSETCATALOG_COMPILER_GLOBAL_ACCENT_COLOR_NAME = AccentColor;
				CODE_SIGN_IDENTITY = "Apple Development";
				CODE_SIGN_STYLE = Automatic;
				CURRENT_PROJECT_VERSION = 1;
				DEVELOPMENT_ASSET_PATHS = "\"HomeTask1_TabBarApp/Preview Content\"";
				DEVELOPMENT_TEAM = GMLK4RZG4G;
				ENABLE_PREVIEWS = YES;
				GENERATE_INFOPLIST_FILE = YES;
				INFOPLIST_KEY_UIApplicationSceneManifest_Generation = YES;
				INFOPLIST_KEY_UIApplicationSupportsIndirectInputEvents = YES;
				INFOPLIST_KEY_UILaunchScreen_Generation = YES;
				INFOPLIST_KEY_UISupportedInterfaceOrientations_iPad = "UIInterfaceOrientationPortrait UIInterfaceOrientationPortraitUpsideDown UIInterfaceOrientationLandscapeLeft UIInterfaceOrientationLandscapeRight";
				INFOPLIST_KEY_UISupportedInterfaceOrientations_iPhone = "UIInterfaceOrientationPortrait UIInterfaceOrientationLandscapeLeft UIInterfaceOrientationLandscapeRight";
				IPHONEOS_DEPLOYMENT_TARGET = 14.0;
				LD_RUNPATH_SEARCH_PATHS = (
					"$(inherited)",
					"@executable_path/Frameworks",
				);
				MARKETING_VERSION = 1.0;
				PRODUCT_BUNDLE_IDENTIFIER = "radik.HomeTask1-TabBarApp-1";
				PRODUCT_NAME = "$(TARGET_NAME)";
				PROVISIONING_PROFILE_SPECIFIER = "";
				SWIFT_EMIT_LOC_STRINGS = YES;
				SWIFT_VERSION = 5.0;
				TARGETED_DEVICE_FAMILY = 1;
			};
			name = Debug;
		};
		EE1C510627D3DCD3005B431A /* Release */ = {
			isa = XCBuildConfiguration;
			buildSettings = {
				ASSETCATALOG_COMPILER_APPICON_NAME = AppIcon;
				ASSETCATALOG_COMPILER_GLOBAL_ACCENT_COLOR_NAME = AccentColor;
				CODE_SIGN_IDENTITY = "Apple Development";
				CODE_SIGN_STYLE = Automatic;
				CURRENT_PROJECT_VERSION = 1;
				DEVELOPMENT_ASSET_PATHS = "\"HomeTask1_TabBarApp/Preview Content\"";
				DEVELOPMENT_TEAM = GMLK4RZG4G;
				ENABLE_PREVIEWS = YES;
				GENERATE_INFOPLIST_FILE = YES;
				INFOPLIST_KEY_UIApplicationSceneManifest_Generation = YES;
				INFOPLIST_KEY_UIApplicationSupportsIndirectInputEvents = YES;
				INFOPLIST_KEY_UILaunchScreen_Generation = YES;
				INFOPLIST_KEY_UISupportedInterfaceOrientations_iPad = "UIInterfaceOrientationPortrait UIInterfaceOrientationPortraitUpsideDown UIInterfaceOrientationLandscapeLeft UIInterfaceOrientationLandscapeRight";
				INFOPLIST_KEY_UISupportedInterfaceOrientations_iPhone = "UIInterfaceOrientationPortrait UIInterfaceOrientationLandscapeLeft UIInterfaceOrientationLandscapeRight";
				IPHONEOS_DEPLOYMENT_TARGET = 14.0;
				LD_RUNPATH_SEARCH_PATHS = (
					"$(inherited)",
					"@executable_path/Frameworks",
				);
				MARKETING_VERSION = 1.0;
				PRODUCT_BUNDLE_IDENTIFIER = "radik.HomeTask1-TabBarApp-1";
				PRODUCT_NAME = "$(TARGET_NAME)";
				PROVISIONING_PROFILE_SPECIFIER = "";
				SWIFT_EMIT_LOC_STRINGS = YES;
				SWIFT_VERSION = 5.0;
				TARGETED_DEVICE_FAMILY = 1;
			};
			name = Release;
		};
/* End XCBuildConfiguration section */

/* Begin XCConfigurationList section */
		EE1C50F127D3DCC4005B431A /* Build configuration list for PBXProject "HomeTask1_TabBarApp" */ = {
			isa = XCConfigurationList;
			buildConfigurations = (
				EE1C510227D3DCD3005B431A /* Debug */,
				EE1C510327D3DCD3005B431A /* Release */,
			);
			defaultConfigurationIsVisible = 0;
			defaultConfigurationName = Release;
		};
		EE1C510427D3DCD3005B431A /* Build configuration list for PBXNativeTarget "HomeTask1_TabBarApp" */ = {
			isa = XCConfigurationList;
			buildConfigurations = (
				EE1C510527D3DCD3005B431A /* Debug */,
				EE1C510627D3DCD3005B431A /* Release */,
			);
			defaultConfigurationIsVisible = 0;
			defaultConfigurationName = Release;
		};
/* End XCConfigurationList section */

/* Begin XCSwiftPackageProductDependency section */
		EE1C511627D89A9C005B431A /* PetsNetwork */ = {
			isa = XCSwiftPackageProductDependency;
			productName = PetsNetwork;
		};
/* End XCSwiftPackageProductDependency section */
	};
	rootObject = EE1C50EE27D3DCC4005B431A /* Project object */;
}
